
Microsoft Visual Studio Solution File, Format Version 12.00
# Visual Studio Version 16
VisualStudioVersion = 16.0.31702.278
MinimumVisualStudioVersion = 10.0.40219.1
Project("{FAE04EC0-301F-11D3-BF4B-00C04F79EFBC}") = "courseProject", "courseProject\courseProject.csproj", "{94EBCD26-8D95-49D3-9E45-548C9736ABE6}"
EndProject
Global
	GlobalSection(SolutionConfigurationPlatforms) = preSolution
		Debug|Any CPU = Debug|Any CPU
		Release|Any CPU = Release|Any CPU
	EndGlobalSection
	GlobalSection(ProjectConfigurationPlatforms) = postSolution
		{94EBCD26-8D95-49D3-9E45-548C9736ABE6}.Debug|Any CPU.ActiveCfg = Debug|Any CPU
		{94EBCD26-8D95-49D3-9E45-548C9736ABE6}.Debug|Any CPU.Build.0 = Debug|Any CPU
		{94EBCD26-8D95-49D3-9E45-548C9736ABE6}.Release|Any CPU.ActiveCfg = Release|Any CPU
		{94EBCD26-8D95-49D3-9E45-548C9736ABE6}.Release|Any CPU.Build.0 = Release|Any CPU
	EndGlobalSection
	GlobalSection(SolutionProperties) = preSolution
		HideSolutionNode = FALSE
	EndGlobalSection
	GlobalSection(ExtensibilityGlobals) = postSolution
		SolutionGuid = {23411E73-C209-41AF-8967-E56AC9F3F57A}
	EndGlobalSection
EndGlobal
